
Microsoft Visual Studio Solution File, Format Version 12.00
# Visual Studio Version 17
VisualStudioVersion = 17.1.32421.90
MinimumVisualStudioVersion = 10.0.40219.1
Project("{FAE04EC0-301F-11D3-BF4B-00C04F79EFBC}") = "Bank", "Bank.csproj", "{08E3937E-AED0-488F-9BDC-6A629FC524BA}"
EndProject
Global
	GlobalSection(SolutionConfigurationPlatforms) = preSolution
		Debug|Any CPU = Debug|Any CPU
		Release|Any CPU = Release|Any CPU
	EndGlobalSection
	GlobalSection(ProjectConfigurationPlatforms) = postSolution
		{08E3937E-AED0-488F-9BDC-6A629FC524BA}.Debug|Any CPU.ActiveCfg = Debug|Any CPU
		{08E3937E-AED0-488F-9BDC-6A629FC524BA}.Debug|Any CPU.Build.0 = Debug|Any CPU
		{08E3937E-AED0-488F-9BDC-6A629FC524BA}.Release|Any CPU.ActiveCfg = Release|Any CPU
		{08E3937E-AED0-488F-9BDC-6A629FC524BA}.Release|Any CPU.Build.0 = Release|Any CPU
	EndGlobalSection
	GlobalSection(SolutionProperties) = preSolution
		HideSolutionNode = FALSE
	EndGlobalSection
	GlobalSection(ExtensibilityGlobals) = postSolution
		SolutionGuid = {28B071AC-8EC7-46CA-B3C8-4C8A431203AB}
	EndGlobalSection
EndGlobal
